
Microsoft Visual Studio Solution File, Format Version 12.00
# Visual Studio 15
VisualStudioVersion = 15.0.26124.0
MinimumVisualStudioVersion = 15.0.26124.0
Project("{9A19103F-16F7-4668-BE54-9A1E7A4F7556}") = "dotnetapp-4.8.1", "dotnetapp-4.8.1.csproj", "{20033517-2F7F-4B2F-952A-C9B17F6E2284}"
EndProject
Global
	GlobalSection(SolutionConfigurationPlatforms) = preSolution
		Debug|Any CPU = Debug|Any CPU
		Release|Any CPU = Release|Any CPU
	EndGlobalSection
	GlobalSection(ProjectConfigurationPlatforms) = postSolution
		{20033517-2F7F-4B2F-952A-C9B17F6E2284}.Debug|Any CPU.ActiveCfg = Debug|Any CPU
		{20033517-2F7F-4B2F-952A-C9B17F6E2284}.Debug|Any CPU.Build.0 = Debug|Any CPU
		{20033517-2F7F-4B2F-952A-C9B17F6E2284}.Release|Any CPU.ActiveCfg = Release|Any CPU
		{20033517-2F7F-4B2F-952A-C9B17F6E2284}.Release|Any CPU.Build.0 = Release|Any CPU
	EndGlobalSection
	GlobalSection(SolutionProperties) = preSolution
		HideSolutionNode = FALSE
	EndGlobalSection
	GlobalSection(ExtensibilityGlobals) = postSolution
		SolutionGuid = {307221C7-F18F-4685-9C3B-88EE9A058128}
	EndGlobalSection
EndGlobal
