
Microsoft Visual Studio Solution File, Format Version 12.00
# Visual Studio Version 17
VisualStudioVersion = 17.12.35521.163 d17.12
MinimumVisualStudioVersion = 10.0.40219.1
Project("{FAE04EC0-301F-11D3-BF4B-00C04F79EFBC}") = "aspnetapp", "aspnetapp\aspnetapp.csproj", "{0EBC2182-864F-47B6-B3D2-219EB6C92DEE}"
EndProject
Global
	GlobalSection(SolutionConfigurationPlatforms) = preSolution
		Debug|Any CPU = Debug|Any CPU
		Release|Any CPU = Release|Any CPU
	EndGlobalSection
	GlobalSection(ProjectConfigurationPlatforms) = postSolution
		{0EBC2182-864F-47B6-B3D2-219EB6C92DEE}.Debug|Any CPU.ActiveCfg = Debug|Any CPU
		{0EBC2182-864F-47B6-B3D2-219EB6C92DEE}.Debug|Any CPU.Build.0 = Debug|Any CPU
		{0EBC2182-864F-47B6-B3D2-219EB6C92DEE}.Release|Any CPU.ActiveCfg = Release|Any CPU
		{0EBC2182-864F-47B6-B3D2-219EB6C92DEE}.Release|Any CPU.Build.0 = Release|Any CPU
	EndGlobalSection
	GlobalSection(SolutionProperties) = preSolution
		HideSolutionNode = FALSE
	EndGlobalSection
EndGlobal
